
Microsoft Visual Studio Solution File, Format Version 12.00
# Visual Studio Version 17
VisualStudioVersion = 17.6.33723.286
MinimumVisualStudioVersion = 10.0.40219.1
Project("{FAE04EC0-301F-11D3-BF4B-00C04F79EFBC}") = "sysestoque-alpha", "sysestoque-alpha.csproj", "{37B0DA81-809F-41DA-BCAC-94E0593D0C79}"
EndProject
Global
	GlobalSection(SolutionConfigurationPlatforms) = preSolution
		Debug|Any CPU = Debug|Any CPU
		Release|Any CPU = Release|Any CPU
	EndGlobalSection
	GlobalSection(ProjectConfigurationPlatforms) = postSolution
		{37B0DA81-809F-41DA-BCAC-94E0593D0C79}.Debug|Any CPU.ActiveCfg = Debug|Any CPU
		{37B0DA81-809F-41DA-BCAC-94E0593D0C79}.Debug|Any CPU.Build.0 = Debug|Any CPU
		{37B0DA81-809F-41DA-BCAC-94E0593D0C79}.Release|Any CPU.ActiveCfg = Release|Any CPU
		{37B0DA81-809F-41DA-BCAC-94E0593D0C79}.Release|Any CPU.Build.0 = Release|Any CPU
	EndGlobalSection
	GlobalSection(SolutionProperties) = preSolution
		HideSolutionNode = FALSE
	EndGlobalSection
	GlobalSection(ExtensibilityGlobals) = postSolution
		SolutionGuid = {BFE4A74F-8668-473E-9458-E4F4439AB6FD}
	EndGlobalSection
EndGlobal
